// !$*UTF8*$!
{
	archiveVersion = 1;
	classes = {
	};
	objectVersion = 50;
	objects = {

/* Begin PBXBuildFile section */
		D5D8039A2200C76900364BA0 /* AppDelegate.swift in Sources */ = {isa = PBXBuildFile; fileRef = D5D803992200C76900364BA0 /* AppDelegate.swift */; };
		D5D8039C2200C76900364BA0 /* ViewController.swift in Sources */ = {isa = PBXBuildFile; fileRef = D5D8039B2200C76900364BA0 /* ViewController.swift */; };
		D5D8039F2200C76900364BA0 /* Main.storyboard in Resources */ = {isa = PBXBuildFile; fileRef = D5D8039D2200C76900364BA0 /* Main.storyboard */; };
		D5D803A22200C76900364BA0 /* ValetFix_Test.xcdatamodeld in Sources */ = {isa = PBXBuildFile; fileRef = D5D803A02200C76900364BA0 /* ValetFix_Test.xcdatamodeld */; };
		D5D803A42200C77100364BA0 /* Assets.xcassets in Resources */ = {isa = PBXBuildFile; fileRef = D5D803A32200C77100364BA0 /* Assets.xcassets */; };
		D5D803A72200C77100364BA0 /* LaunchScreen.storyboard in Resources */ = {isa = PBXBuildFile; fileRef = D5D803A52200C77100364BA0 /* LaunchScreen.storyboard */; };
		D5D803B22200C77100364BA0 /* ValetFix_TestTests.swift in Sources */ = {isa = PBXBuildFile; fileRef = D5D803B12200C77100364BA0 /* ValetFix_TestTests.swift */; };
		D5D803BD2200C77100364BA0 /* ValetFix_TestUITests.swift in Sources */ = {isa = PBXBuildFile; fileRef = D5D803BC2200C77100364BA0 /* ValetFix_TestUITests.swift */; };
/* End PBXBuildFile section */

/* Begin PBXContainerItemProxy section */
		D5D803AE2200C77100364BA0 /* PBXContainerItemProxy */ = {
			isa = PBXContainerItemProxy;
			containerPortal = D5D8038E2200C76900364BA0 /* Project object */;
			proxyType = 1;
			remoteGlobalIDString = D5D803952200C76900364BA0;
			remoteInfo = "ValetFix Test";
		};
		D5D803B92200C77100364BA0 /* PBXContainerItemProxy */ = {
			isa = PBXContainerItemProxy;
			containerPortal = D5D8038E2200C76900364BA0 /* Project object */;
			proxyType = 1;
			remoteGlobalIDString = D5D803952200C76900364BA0;
			remoteInfo = "ValetFix Test";
		};
/* End PBXContainerItemProxy section */

/* Begin PBXFileReference section */
		D5D803962200C76900364BA0 /* ValetFix Test.app */ = {isa = PBXFileReference; explicitFileType = wrapper.application; includeInIndex = 0; path = "ValetFix Test.app"; sourceTree = BUILT_PRODUCTS_DIR; };
		D5D803992200C76900364BA0 /* AppDelegate.swift */ = {isa = PBXFileReference; lastKnownFileType = sourcecode.swift; path = AppDelegate.swift; sourceTree = "<group>"; };
		D5D8039B2200C76900364BA0 /* ViewController.swift */ = {isa = PBXFileReference; lastKnownFileType = sourcecode.swift; path = ViewController.swift; sourceTree = "<group>"; };
		D5D8039E2200C76900364BA0 /* Base */ = {isa = PBXFileReference; lastKnownFileType = file.storyboard; name = Base; path = Base.lproj/Main.storyboard; sourceTree = "<group>"; };
		D5D803A12200C76900364BA0 /* ValetFix_Test.xcdatamodel */ = {isa = PBXFileReference; lastKnownFileType = wrapper.xcdatamodel; path = ValetFix_Test.xcdatamodel; sourceTree = "<group>"; };
		D5D803A32200C77100364BA0 /* Assets.xcassets */ = {isa = PBXFileReference; lastKnownFileType = folder.assetcatalog; path = Assets.xcassets; sourceTree = "<group>"; };
		D5D803A62200C77100364BA0 /* Base */ = {isa = PBXFileReference; lastKnownFileType = file.storyboard; name = Base; path = Base.lproj/LaunchScreen.storyboard; sourceTree = "<group>"; };
		D5D803A82200C77100364BA0 /* Info.plist */ = {isa = PBXFileReference; lastKnownFileType = text.plist.xml; path = Info.plist; sourceTree = "<group>"; };
		D5D803AD2200C77100364BA0 /* ValetFix TestTests.xctest */ = {isa = PBXFileReference; explicitFileType = wrapper.cfbundle; includeInIndex = 0; path = "ValetFix TestTests.xctest"; sourceTree = BUILT_PRODUCTS_DIR; };
		D5D803B12200C77100364BA0 /* ValetFix_TestTests.swift */ = {isa = PBXFileReference; lastKnownFileType = sourcecode.swift; path = ValetFix_TestTests.swift; sourceTree = "<group>"; };
		D5D803B32200C77100364BA0 /* Info.plist */ = {isa = PBXFileReference; lastKnownFileType = text.plist.xml; path = Info.plist; sourceTree = "<group>"; };
		D5D803B82200C77100364BA0 /* ValetFix TestUITests.xctest */ = {isa = PBXFileReference; explicitFileType = wrapper.cfbundle; includeInIndex = 0; path = "ValetFix TestUITests.xctest"; sourceTree = BUILT_PRODUCTS_DIR; };
		D5D803BC2200C77100364BA0 /* ValetFix_TestUITests.swift */ = {isa = PBXFileReference; lastKnownFileType = sourcecode.swift; path = ValetFix_TestUITests.swift; sourceTree = "<group>"; };
		D5D803BE2200C77100364BA0 /* Info.plist */ = {isa = PBXFileReference; lastKnownFileType = text.plist.xml; path = Info.plist; sourceTree = "<group>"; };
/* End PBXFileReference section */

/* Begin PBXFrameworksBuildPhase section */
		D5D803932200C76900364BA0 /* Frameworks */ = {
			isa = PBXFrameworksBuildPhase;
			buildActionMask = 2147483647;
			files = (
			);
			runOnlyForDeploymentPostprocessing = 0;
		};
		D5D803AA2200C77100364BA0 /* Frameworks */ = {
			isa = PBXFrameworksBuildPhase;
			buildActionMask = 2147483647;
			files = (
			);
			runOnlyForDeploymentPostprocessing = 0;
		};
		D5D803B52200C77100364BA0 /* Frameworks */ = {
			isa = PBXFrameworksBuildPhase;
			buildActionMask = 2147483647;
			files = (
			);
			runOnlyForDeploymentPostprocessing = 0;
		};
/* End PBXFrameworksBuildPhase section */

/* Begin PBXGroup section */
		D5D8038D2200C76900364BA0 = {
			isa = PBXGroup;
			children = (
				D5D803982200C76900364BA0 /* ValetFix Test */,
				D5D803B02200C77100364BA0 /* ValetFix TestTests */,
				D5D803BB2200C77100364BA0 /* ValetFix TestUITests */,
				D5D803972200C76900364BA0 /* Products */,
			);
			sourceTree = "<group>";
		};
		D5D803972200C76900364BA0 /* Products */ = {
			isa = PBXGroup;
			children = (
				D5D803962200C76900364BA0 /* ValetFix Test.app */,
				D5D803AD2200C77100364BA0 /* ValetFix TestTests.xctest */,
				D5D803B82200C77100364BA0 /* ValetFix TestUITests.xctest */,
			);
			name = Products;
			sourceTree = "<group>";
		};
		D5D803982200C76900364BA0 /* ValetFix Test */ = {
			isa = PBXGroup;
			children = (
				D5D803992200C76900364BA0 /* AppDelegate.swift */,
				D5D8039B2200C76900364BA0 /* ViewController.swift */,
				D5D8039D2200C76900364BA0 /* Main.storyboard */,
				D5D803A32200C77100364BA0 /* Assets.xcassets */,
				D5D803A52200C77100364BA0 /* LaunchScreen.storyboard */,
				D5D803A82200C77100364BA0 /* Info.plist */,
				D5D803A02200C76900364BA0 /* ValetFix_Test.xcdatamodeld */,
			);
			path = "ValetFix Test";
			sourceTree = "<group>";
		};
		D5D803B02200C77100364BA0 /* ValetFix TestTests */ = {
			isa = PBXGroup;
			children = (
				D5D803B12200C77100364BA0 /* ValetFix_TestTests.swift */,
				D5D803B32200C77100364BA0 /* Info.plist */,
			);
			path = "ValetFix TestTests";
			sourceTree = "<group>";
		};
		D5D803BB2200C77100364BA0 /* ValetFix TestUITests */ = {
			isa = PBXGroup;
			children = (
				D5D803BC2200C77100364BA0 /* ValetFix_TestUITests.swift */,
				D5D803BE2200C77100364BA0 /* Info.plist */,
			);
			path = "ValetFix TestUITests";
			sourceTree = "<group>";
		};
/* End PBXGroup section */

/* Begin PBXNativeTarget section */
		D5D803952200C76900364BA0 /* ValetFix Test */ = {
			isa = PBXNativeTarget;
			buildConfigurationList = D5D803C12200C77100364BA0 /* Build configuration list for PBXNativeTarget "ValetFix Test" */;
			buildPhases = (
				D5D803922200C76900364BA0 /* Sources */,
				D5D803932200C76900364BA0 /* Frameworks */,
				D5D803942200C76900364BA0 /* Resources */,
			);
			buildRules = (
			);
			dependencies = (
			);
			name = "ValetFix Test";
			productName = "ValetFix Test";
			productReference = D5D803962200C76900364BA0 /* ValetFix Test.app */;
			productType = "com.apple.product-type.application";
		};
		D5D803AC2200C77100364BA0 /* ValetFix TestTests */ = {
			isa = PBXNativeTarget;
			buildConfigurationList = D5D803C42200C77100364BA0 /* Build configuration list for PBXNativeTarget "ValetFix TestTests" */;
			buildPhases = (
				D5D803A92200C77100364BA0 /* Sources */,
				D5D803AA2200C77100364BA0 /* Frameworks */,
				D5D803AB2200C77100364BA0 /* Resources */,
			);
			buildRules = (
			);
			dependencies = (
				D5D803AF2200C77100364BA0 /* PBXTargetDependency */,
			);
			name = "ValetFix TestTests";
			productName = "ValetFix TestTests";
			productReference = D5D803AD2200C77100364BA0 /* ValetFix TestTests.xctest */;
			productType = "com.apple.product-type.bundle.unit-test";
		};
		D5D803B72200C77100364BA0 /* ValetFix TestUITests */ = {
			isa = PBXNativeTarget;
			buildConfigurationList = D5D803C72200C77100364BA0 /* Build configuration list for PBXNativeTarget "ValetFix TestUITests" */;
			buildPhases = (
				D5D803B42200C77100364BA0 /* Sources */,
				D5D803B52200C77100364BA0 /* Frameworks */,
				D5D803B62200C77100364BA0 /* Resources */,
			);
			buildRules = (
			);
			dependencies = (
				D5D803BA2200C77100364BA0 /* PBXTargetDependency */,
			);
			name = "ValetFix TestUITests";
			productName = "ValetFix TestUITests";
			productReference = D5D803B82200C77100364BA0 /* ValetFix TestUITests.xctest */;
			productType = "com.apple.product-type.bundle.ui-testing";
		};
/* End PBXNativeTarget section */

/* Begin PBXProject section */
		D5D8038E2200C76900364BA0 /* Project object */ = {
			isa = PBXProject;
			attributes = {
				LastSwiftUpdateCheck = 1010;
				LastUpgradeCheck = 1010;
				ORGANIZATIONNAME = "\U0003Difeng Chen";
				TargetAttributes = {
					D5D803952200C76900364BA0 = {
						CreatedOnToolsVersion = 10.1;
					};
					D5D803AC2200C77100364BA0 = {
						CreatedOnToolsVersion = 10.1;
						TestTargetID = D5D803952200C76900364BA0;
					};
					D5D803B72200C77100364BA0 = {
						CreatedOnToolsVersion = 10.1;
						TestTargetID = D5D803952200C76900364BA0;
					};
				};
			};
			buildConfigurationList = D5D803912200C76900364BA0 /* Build configuration list for PBXProject "ValetFix Test" */;
			compatibilityVersion = "Xcode 9.3";
			developmentRegion = en;
			hasScannedForEncodings = 0;
			knownRegions = (
				en,
				Base,
			);
			mainGroup = D5D8038D2200C76900364BA0;
			productRefGroup = D5D803972200C76900364BA0 /* Products */;
			projectDirPath = "";
			projectRoot = "";
			targets = (
				D5D803952200C76900364BA0 /* ValetFix Test */,
				D5D803AC2200C77100364BA0 /* ValetFix TestTests */,
				D5D803B72200C77100364BA0 /* ValetFix TestUITests */,
			);
		};
/* End PBXProject section */

/* Begin PBXResourcesBuildPhase section */
		D5D803942200C76900364BA0 /* Resources */ = {
			isa = PBXResourcesBuildPhase;
			buildActionMask = 2147483647;
			files = (
				D5D803A72200C77100364BA0 /* LaunchScreen.storyboard in Resources */,
				D5D803A42200C77100364BA0 /* Assets.xcassets in Resources */,
				D5D8039F2200C76900364BA0 /* Main.storyboard in Resources */,
			);
			runOnlyForDeploymentPostprocessing = 0;
		};
		D5D803AB2200C77100364BA0 /* Resources */ = {
			isa = PBXResourcesBuildPhase;
			buildActionMask = 2147483647;
			files = (
			);
			runOnlyForDeploymentPostprocessing = 0;
		};
		D5D803B62200C77100364BA0 /* Resources */ = {
			isa = PBXResourcesBuildPhase;
			buildActionMask = 2147483647;
			files = (
			);
			runOnlyForDeploymentPostprocessing = 0;
		};
/* End PBXResourcesBuildPhase section */

/* Begin PBXSourcesBuildPhase section */
		D5D803922200C76900364BA0 /* Sources */ = {
			isa = PBXSourcesBuildPhase;
			buildActionMask = 2147483647;
			files = (
				D5D803A22200C76900364BA0 /* ValetFix_Test.xcdatamodeld in Sources */,
				D5D8039C2200C76900364BA0 /* ViewController.swift in Sources */,
				D5D8039A2200C76900364BA0 /* AppDelegate.swift in Sources */,
			);
			runOnlyForDeploymentPostprocessing = 0;
		};
		D5D803A92200C77100364BA0 /* Sources */ = {
			isa = PBXSourcesBuildPhase;
			buildActionMask = 2147483647;
			files = (
				D5D803B22200C77100364BA0 /* ValetFix_TestTests.swift in Sources */,
			);
			runOnlyForDeploymentPostprocessing = 0;
		};
		D5D803B42200C77100364BA0 /* Sources */ = {
			isa = PBXSourcesBuildPhase;
			buildActionMask = 2147483647;
			files = (
				D5D803BD2200C77100364BA0 /* ValetFix_TestUITests.swift in Sources */,
			);
			runOnlyForDeploymentPostprocessing = 0;
		};
/* End PBXSourcesBuildPhase section */

/* Begin PBXTargetDependency section */
		D5D803AF2200C77100364BA0 /* PBXTargetDependency */ = {
			isa = PBXTargetDependency;
			target = D5D803952200C76900364BA0 /* ValetFix Test */;
			targetProxy = D5D803AE2200C77100364BA0 /* PBXContainerItemProxy */;
		};
		D5D803BA2200C77100364BA0 /* PBXTargetDependency */ = {
			isa = PBXTargetDependency;
			target = D5D803952200C76900364BA0 /* ValetFix Test */;
			targetProxy = D5D803B92200C77100364BA0 /* PBXContainerItemProxy */;
		};
/* End PBXTargetDependency section */

/* Begin PBXVariantGroup section */
		D5D8039D2200C76900364BA0 /* Main.storyboard */ = {
			isa = PBXVariantGroup;
			children = (
				D5D8039E2200C76900364BA0 /* Base */,
			);
			name = Main.storyboard;
			sourceTree = "<group>";
		};
		D5D803A52200C77100364BA0 /* LaunchScreen.storyboard */ = {
			isa = PBXVariantGroup;
			children = (
				D5D803A62200C77100364BA0 /* Base */,
			);
			name = LaunchScreen.storyboard;
			sourceTree = "<group>";
		};
/* End PBXVariantGroup section */

/* Begin XCBuildConfiguration section */
		D5D803BF2200C77100364BA0 /* Debug */ = {
			isa = XCBuildConfiguration;
			buildSettings = {
				ALWAYS_SEARCH_USER_PATHS = NO;
				CLANG_ANALYZER_NONNULL = YES;
				CLANG_ANALYZER_NUMBER_OBJECT_CONVERSION = YES_AGGRESSIVE;
				CLANG_CXX_LANGUAGE_STANDARD = "gnu++14";
				CLANG_CXX_LIBRARY = "libc++";
				CLANG_ENABLE_MODULES = YES;
				CLANG_ENABLE_OBJC_ARC = YES;
				CLANG_ENABLE_OBJC_WEAK = YES;
				CLANG_WARN_BLOCK_CAPTURE_AUTORELEASING = YES;
				CLANG_WARN_BOOL_CONVERSION = YES;
				CLANG_WARN_COMMA = YES;
				CLANG_WARN_CONSTANT_CONVERSION = YES;
				CLANG_WARN_DEPRECATED_OBJC_IMPLEMENTATIONS = YES;
				CLANG_WARN_DIRECT_OBJC_ISA_USAGE = YES_ERROR;
				CLANG_WARN_DOCUMENTATION_COMMENTS = YES;
				CLANG_WARN_EMPTY_BODY = YES;
				CLANG_WARN_ENUM_CONVERSION = YES;
				CLANG_WARN_INFINITE_RECURSION = YES;
				CLANG_WARN_INT_CONVERSION = YES;
				CLANG_WARN_NON_LITERAL_NULL_CONVERSION = YES;
				CLANG_WARN_OBJC_IMPLICIT_RETAIN_SELF = YES;
				CLANG_WARN_OBJC_LITERAL_CONVERSION = YES;
				CLANG_WARN_OBJC_ROOT_CLASS = YES_ERROR;
				CLANG_WARN_RANGE_LOOP_ANALYSIS = YES;
				CLANG_WARN_STRICT_PROTOTYPES = YES;
				CLANG_WARN_SUSPICIOUS_MOVE = YES;
				CLANG_WARN_UNGUARDED_AVAILABILITY = YES_AGGRESSIVE;
				CLANG_WARN_UNREACHABLE_CODE = YES;
				CLANG_WARN__DUPLICATE_METHOD_MATCH = YES;
				CODE_SIGN_IDENTITY = "iPhone Developer";
				COPY_PHASE_STRIP = NO;
				DEBUG_INFORMATION_FORMAT = dwarf;
				ENABLE_STRICT_OBJC_MSGSEND = YES;
				ENABLE_TESTABILITY = YES;
				GCC_C_LANGUAGE_STANDARD = gnu11;
				GCC_DYNAMIC_NO_PIC = NO;
				GCC_NO_COMMON_BLOCKS = YES;
				GCC_OPTIMIZATION_LEVEL = 0;
				GCC_PREPROCESSOR_DEFINITIONS = (
					"DEBUG=1",
					"$(inherited)",
				);
				GCC_WARN_64_TO_32_BIT_CONVERSION = YES;
				GCC_WARN_ABOUT_RETURN_TYPE = YES_ERROR;
				GCC_WARN_UNDECLARED_SELECTOR = YES;
				GCC_WARN_UNINITIALIZED_AUTOS = YES_AGGRESSIVE;
				GCC_WARN_UNUSED_FUNCTION = YES;
				GCC_WARN_UNUSED_VARIABLE = YES;
				IPHONEOS_DEPLOYMENT_TARGET = 12.1;
				MTL_ENABLE_DEBUG_INFO = INCLUDE_SOURCE;
				MTL_FAST_MATH = YES;
				ONLY_ACTIVE_ARCH = YES;
				SDKROOT = iphoneos;
				SWIFT_ACTIVE_COMPILATION_CONDITIONS = DEBUG;
				SWIFT_OPTIMIZATION_LEVEL = "-Onone";
			};
			name = Debug;
		};
		D5D803C02200C77100364BA0 /* Release */ = {
			isa = XCBuildConfiguration;
			buildSettings = {
				ALWAYS_SEARCH_USER_PATHS = NO;
				CLANG_ANALYZER_NONNULL = YES;
				CLANG_ANALYZER_NUMBER_OBJECT_CONVERSION = YES_AGGRESSIVE;
				CLANG_CXX_LANGUAGE_STANDARD = "gnu++14";
				CLANG_CXX_LIBRARY = "libc++";
				CLANG_ENABLE_MODULES = YES;
				CLANG_ENABLE_OBJC_ARC = YES;
				CLANG_ENABLE_OBJC_WEAK = YES;
				CLANG_WARN_BLOCK_CAPTURE_AUTORELEASING = YES;
				CLANG_WARN_BOOL_CONVERSION = YES;
				CLANG_WARN_COMMA = YES;
				CLANG_WARN_CONSTANT_CONVERSION = YES;
				CLANG_WARN_DEPRECATED_OBJC_IMPLEMENTATIONS = YES;
				CLANG_WARN_DIRECT_OBJC_ISA_USAGE = YES_ERROR;
				CLANG_WARN_DOCUMENTATION_COMMENTS = YES;
				CLANG_WARN_EMPTY_BODY = YES;
				CLANG_WARN_ENUM_CONVERSION = YES;
				CLANG_WARN_INFINITE_RECURSION = YES;
				CLANG_WARN_INT_CONVERSION = YES;
				CLANG_WARN_NON_LITERAL_NULL_CONVERSION = YES;
				CLANG_WARN_OBJC_IMPLICIT_RETAIN_SELF = YES;
				CLANG_WARN_OBJC_LITERAL_CONVERSION = YES;
				CLANG_WARN_OBJC_ROOT_CLASS = YES_ERROR;
				CLANG_WARN_RANGE_LOOP_ANALYSIS = YES;
				CLANG_WARN_STRICT_PROTOTYPES = YES;
				CLANG_WARN_SUSPICIOUS_MOVE = YES;
				CLANG_WARN_UNGUARDED_AVAILABILITY = YES_AGGRESSIVE;
				CLANG_WARN_UNREACHABLE_CODE = YES;
				CLANG_WARN__DUPLICATE_METHOD_MATCH = YES;
				CODE_SIGN_IDENTITY = "iPhone Developer";
				COPY_PHASE_STRIP = NO;
				DEBUG_INFORMATION_FORMAT = "dwarf-with-dsym";
				ENABLE_NS_ASSERTIONS = NO;
				ENABLE_STRICT_OBJC_MSGSEND = YES;
				GCC_C_LANGUAGE_STANDARD = gnu11;
				GCC_NO_COMMON_BLOCKS = YES;
				GCC_WARN_64_TO_32_BIT_CONVERSION = YES;
				GCC_WARN_ABOUT_RETURN_TYPE = YES_ERROR;
				GCC_WARN_UNDECLARED_SELECTOR = YES;
				GCC_WARN_UNINITIALIZED_AUTOS = YES_AGGRESSIVE;
				GCC_WARN_UNUSED_FUNCTION = YES;
				GCC_WARN_UNUSED_VARIABLE = YES;
				IPHONEOS_DEPLOYMENT_TARGET = 12.1;
				MTL_ENABLE_DEBUG_INFO = NO;
				MTL_FAST_MATH = YES;
				SDKROOT = iphoneos;
				SWIFT_COMPILATION_MODE = wholemodule;
				SWIFT_OPTIMIZATION_LEVEL = "-O";
				VALIDATE_PRODUCT = YES;
			};
			name = Release;
		};
		D5D803C22200C77100364BA0 /* Debug */ = {
			isa = XCBuildConfiguration;
			buildSettings = {
				ASSETCATALOG_COMPILER_APPICON_NAME = AppIcon;
				CODE_SIGN_STYLE = Automatic;
				DEVELOPMENT_TEAM = 5H9LF74GEN;
				INFOPLIST_FILE = "ValetFix Test/Info.plist";
				LD_RUNPATH_SEARCH_PATHS = (
					"$(inherited)",
					"@executable_path/Frameworks",
				);
				PRODUCT_BUNDLE_IDENTIFIER = "Difeng-Chen.ValetFix-Test";
				PRODUCT_NAME = "$(TARGET_NAME)";
				SWIFT_VERSION = 4.2;
				TARGETED_DEVICE_FAMILY = "1,2";
			};
			name = Debug;
		};
		D5D803C32200C77100364BA0 /* Release */ = {
			isa = XCBuildConfiguration;
			buildSettings = {
				ASSETCATALOG_COMPILER_APPICON_NAME = AppIcon;
				CODE_SIGN_STYLE = Automatic;
				DEVELOPMENT_TEAM = 5H9LF74GEN;
				INFOPLIST_FILE = "ValetFix Test/Info.plist";
				LD_RUNPATH_SEARCH_PATHS = (
					"$(inherited)",
					"@executable_path/Frameworks",
				);
				PRODUCT_BUNDLE_IDENTIFIER = "Difeng-Chen.ValetFix-Test";
				PRODUCT_NAME = "$(TARGET_NAME)";
				SWIFT_VERSION = 4.2;
				TARGETED_DEVICE_FAMILY = "1,2";
			};
			name = Release;
		};
		D5D803C52200C77100364BA0 /* Debug */ = {
			isa = XCBuildConfiguration;
			buildSettings = {
				ALWAYS_EMBED_SWIFT_STANDARD_LIBRARIES = YES;
				BUNDLE_LOADER = "$(TEST_HOST)";
				CODE_SIGN_STYLE = Automatic;
				DEVELOPMENT_TEAM = 5H9LF74GEN;
				INFOPLIST_FILE = "ValetFix TestTests/Info.plist";
				LD_RUNPATH_SEARCH_PATHS = (
					"$(inherited)",
					"@executable_path/Frameworks",
					"@loader_path/Frameworks",
				);
				PRODUCT_BUNDLE_IDENTIFIER = "Difeng-Chen.ValetFix-TestTests";
				PRODUCT_NAME = "$(TARGET_NAME)";
				SWIFT_VERSION = 4.2;
				TARGETED_DEVICE_FAMILY = "1,2";
				TEST_HOST = "$(BUILT_PRODUCTS_DIR)/ValetFix Test.app/ValetFix Test";
			};
			name = Debug;
		};
		D5D803C62200C77100364BA0 /* Release */ = {
			isa = XCBuildConfiguration;
			buildSettings = {
				ALWAYS_EMBED_SWIFT_STANDARD_LIBRARIES = YES;
				BUNDLE_LOADER = "$(TEST_HOST)";
				CODE_SIGN_STYLE = Automatic;
				DEVELOPMENT_TEAM = 5H9LF74GEN;
				INFOPLIST_FILE = "ValetFix TestTests/Info.plist";
				LD_RUNPATH_SEARCH_PATHS = (
					"$(inherited)",
					"@executable_path/Frameworks",
					"@loader_path/Frameworks",
				);
				PRODUCT_BUNDLE_IDENTIFIER = "Difeng-Chen.ValetFix-TestTests";
				PRODUCT_NAME = "$(TARGET_NAME)";
				SWIFT_VERSION = 4.2;
				TARGETED_DEVICE_FAMILY = "1,2";
				TEST_HOST = "$(BUILT_PRODUCTS_DIR)/ValetFix Test.app/ValetFix Test";
			};
			name = Release;
		};
		D5D803C82200C77100364BA0 /* Debug */ = {
			isa = XCBuildConfiguration;
			buildSettings = {
				ALWAYS_EMBED_SWIFT_STANDARD_LIBRARIES = YES;
				CODE_SIGN_STYLE = Automatic;
				DEVELOPMENT_TEAM = 5H9LF74GEN;
				INFOPLIST_FILE = "ValetFix TestUITests/Info.plist";
				LD_RUNPATH_SEARCH_PATHS = (
					"$(inherited)",
					"@executable_path/Frameworks",
					"@loader_path/Frameworks",
				);
				PRODUCT_BUNDLE_IDENTIFIER = "Difeng-Chen.ValetFix-TestUITests";
				PRODUCT_NAME = "$(TARGET_NAME)";
				SWIFT_VERSION = 4.2;
				TARGETED_DEVICE_FAMILY = "1,2";
				TEST_TARGET_NAME = "ValetFix Test";
			};
			name = Debug;
		};
		D5D803C92200C77100364BA0 /* Release */ = {
			isa = XCBuildConfiguration;
			buildSettings = {
				ALWAYS_EMBED_SWIFT_STANDARD_LIBRARIES = YES;
				CODE_SIGN_STYLE = Automatic;
				DEVELOPMENT_TEAM = 5H9LF74GEN;
				INFOPLIST_FILE = "ValetFix TestUITests/Info.plist";
				LD_RUNPATH_SEARCH_PATHS = (
					"$(inherited)",
					"@executable_path/Frameworks",
					"@loader_path/Frameworks",
				);
				PRODUCT_BUNDLE_IDENTIFIER = "Difeng-Chen.ValetFix-TestUITests";
				PRODUCT_NAME = "$(TARGET_NAME)";
				SWIFT_VERSION = 4.2;
				TARGETED_DEVICE_FAMILY = "1,2";
				TEST_TARGET_NAME = "ValetFix Test";
			};
			name = Release;
		};
/* End XCBuildConfiguration section */

/* Begin XCConfigurationList section */
		D5D803912200C76900364BA0 /* Build configuration list for PBXProject "ValetFix Test" */ = {
			isa = XCConfigurationList;
			buildConfigurations = (
				D5D803BF2200C77100364BA0 /* Debug */,
				D5D803C02200C77100364BA0 /* Release */,
			);
			defaultConfigurationIsVisible = 0;
			defaultConfigurationName = Release;
		};
		D5D803C12200C77100364BA0 /* Build configuration list for PBXNativeTarget "ValetFix Test" */ = {
			isa = XCConfigurationList;
			buildConfigurations = (
				D5D803C22200C77100364BA0 /* Debug */,
				D5D803C32200C77100364BA0 /* Release */,
			);
			defaultConfigurationIsVisible = 0;
			defaultConfigurationName = Release;
		};
		D5D803C42200C77100364BA0 /* Build configuration list for PBXNativeTarget "ValetFix TestTests" */ = {
			isa = XCConfigurationList;
			buildConfigurations = (
				D5D803C52200C77100364BA0 /* Debug */,
				D5D803C62200C77100364BA0 /* Release */,
			);
			defaultConfigurationIsVisible = 0;
			defaultConfigurationName = Release;
		};
		D5D803C72200C77100364BA0 /* Build configuration list for PBXNativeTarget "ValetFix TestUITests" */ = {
			isa = XCConfigurationList;
			buildConfigurations = (
				D5D803C82200C77100364BA0 /* Debug */,
				D5D803C92200C77100364BA0 /* Release */,
			);
			defaultConfigurationIsVisible = 0;
			defaultConfigurationName = Release;
		};
/* End XCConfigurationList section */

/* Begin XCVersionGroup section */
		D5D803A02200C76900364BA0 /* ValetFix_Test.xcdatamodeld */ = {
			isa = XCVersionGroup;
			children = (
				D5D803A12200C76900364BA0 /* ValetFix_Test.xcdatamodel */,
			);
			currentVersion = D5D803A12200C76900364BA0 /* ValetFix_Test.xcdatamodel */;
			path = ValetFix_Test.xcdatamodeld;
			sourceTree = "<group>";
			versionGroupType = wrapper.xcdatamodel;
		};
/* End XCVersionGroup section */
	};
	rootObject = D5D8038E2200C76900364BA0 /* Project object */;
}
